// !$*UTF8*$!
{
	archiveVersion = 1;
	classes = {
	};
	objectVersion = 46;
	objects = {

/* Begin PBXBuildFile section */
		0C0CD12F1D6686B600184640 /* ViewController.xib in Resources */ = {isa = PBXBuildFile; fileRef = 0C0CD12E1D6686B600184640 /* ViewController.xib */; };
		0C25E21E1D88207A00089A40 /* main.m in Sources */ = {isa = PBXBuildFile; fileRef = 0C25E21D1D88207A00089A40 /* main.m */; };
		0C25E2211D88207A00089A40 /* AppDelegate.m in Sources */ = {isa = PBXBuildFile; fileRef = 0C25E2201D88207A00089A40 /* AppDelegate.m */; };
		0C25E2241D88207A00089A40 /* ViewController.m in Sources */ = {isa = PBXBuildFile; fileRef = 0C25E2231D88207A00089A40 /* ViewController.m */; };
		0C25E2271D88207A00089A40 /* Main.storyboard in Resources */ = {isa = PBXBuildFile; fileRef = 0C25E2251D88207A00089A40 /* Main.storyboard */; };
		0C25E2291D88207A00089A40 /* Assets.xcassets in Resources */ = {isa = PBXBuildFile; fileRef = 0C25E2281D88207A00089A40 /* Assets.xcassets */; };
		0C25E22C1D88207A00089A40 /* LaunchScreen.storyboard in Resources */ = {isa = PBXBuildFile; fileRef = 0C25E22A1D88207A00089A40 /* LaunchScreen.storyboard */; };
		0C5514081CDB9E2400270909 /* main.m in Sources */ = {isa = PBXBuildFile; fileRef = 0C5514071CDB9E2400270909 /* main.m */; };
		0C55140B1CDB9E2400270909 /* AppDelegate.m in Sources */ = {isa = PBXBuildFile; fileRef = 0C55140A1CDB9E2400270909 /* AppDelegate.m */; };
		0C55140E1CDB9E2400270909 /* ViewController.m in Sources */ = {isa = PBXBuildFile; fileRef = 0C55140D1CDB9E2400270909 /* ViewController.m */; };
		0C5514111CDB9E2400270909 /* Main.storyboard in Resources */ = {isa = PBXBuildFile; fileRef = 0C55140F1CDB9E2400270909 /* Main.storyboard */; };
		0C5514131CDB9E2400270909 /* Assets.xcassets in Resources */ = {isa = PBXBuildFile; fileRef = 0C5514121CDB9E2400270909 /* Assets.xcassets */; };
		0C5514161CDB9E2400270909 /* LaunchScreen.storyboard in Resources */ = {isa = PBXBuildFile; fileRef = 0C5514141CDB9E2400270909 /* LaunchScreen.storyboard */; };
		0C5907771D6696BB000B44ED /* main.m in Sources */ = {isa = PBXBuildFile; fileRef = 0C5907761D6696BB000B44ED /* main.m */; };
		0C59077A1D6696BB000B44ED /* AppDelegate.m in Sources */ = {isa = PBXBuildFile; fileRef = 0C5907791D6696BB000B44ED /* AppDelegate.m */; };
		0C59077D1D6696BB000B44ED /* ViewController.m in Sources */ = {isa = PBXBuildFile; fileRef = 0C59077C1D6696BB000B44ED /* ViewController.m */; };
		0C5907821D6696BB000B44ED /* Assets.xcassets in Resources */ = {isa = PBXBuildFile; fileRef = 0C5907811D6696BB000B44ED /* Assets.xcassets */; };
		0C5907851D6696BB000B44ED /* LaunchScreen.storyboard in Resources */ = {isa = PBXBuildFile; fileRef = 0C5907831D6696BB000B44ED /* LaunchScreen.storyboard */; };
		0C59078B1D669731000B44ED /* ViewController.xib in Resources */ = {isa = PBXBuildFile; fileRef = 0C59078A1D669731000B44ED /* ViewController.xib */; };
		0CA4B35A1CD846B800CAD3BF /* main.m in Sources */ = {isa = PBXBuildFile; fileRef = 0CA4B3591CD846B800CAD3BF /* main.m */; };
		0CA4B35D1CD846B800CAD3BF /* AppDelegate.m in Sources */ = {isa = PBXBuildFile; fileRef = 0CA4B35C1CD846B800CAD3BF /* AppDelegate.m */; };
		0CA4B3601CD846B800CAD3BF /* ViewController.m in Sources */ = {isa = PBXBuildFile; fileRef = 0CA4B35F1CD846B800CAD3BF /* ViewController.m */; };
		0CA4B3631CD846B800CAD3BF /* Main.storyboard in Resources */ = {isa = PBXBuildFile; fileRef = 0CA4B3611CD846B800CAD3BF /* Main.storyboard */; };
		0CA4B3651CD846B800CAD3BF /* Assets.xcassets in Resources */ = {isa = PBXBuildFile; fileRef = 0CA4B3641CD846B800CAD3BF /* Assets.xcassets */; };
		0CA4B3681CD846B800CAD3BF /* LaunchScreen.storyboard in Resources */ = {isa = PBXBuildFile; fileRef = 0CA4B3661CD846B800CAD3BF /* LaunchScreen.storyboard */; };
		0CA4B3771CD846B800CAD3BF /* main.m in Sources */ = {isa = PBXBuildFile; fileRef = 0CA4B3761CD846B800CAD3BF /* main.m */; };
		0CA4B37A1CD846B800CAD3BF /* AppDelegate.m in Sources */ = {isa = PBXBuildFile; fileRef = 0CA4B3791CD846B800CAD3BF /* AppDelegate.m */; };
		0CA4B37D1CD846B800CAD3BF /* ViewController.m in Sources */ = {isa = PBXBuildFile; fileRef = 0CA4B37C1CD846B800CAD3BF /* ViewController.m */; };
		0CA4B3801CD846B800CAD3BF /* Main.storyboard in Resources */ = {isa = PBXBuildFile; fileRef = 0CA4B37E1CD846B800CAD3BF /* Main.storyboard */; };
		0CA4B3821CD846B800CAD3BF /* Assets.xcassets in Resources */ = {isa = PBXBuildFile; fileRef = 0CA4B3811CD846B800CAD3BF /* Assets.xcassets */; };
		0CA4B3851CD846B800CAD3BF /* LaunchScreen.storyboard in Resources */ = {isa = PBXBuildFile; fileRef = 0CA4B3831CD846B800CAD3BF /* LaunchScreen.storyboard */; };
		0CA836491D89836500FEA38C /* main.m in Sources */ = {isa = PBXBuildFile; fileRef = 0CA836481D89836500FEA38C /* main.m */; };
		0CA8364C1D89836500FEA38C /* AppDelegate.m in Sources */ = {isa = PBXBuildFile; fileRef = 0CA8364B1D89836500FEA38C /* AppDelegate.m */; };
		0CA8364F1D89836500FEA38C /* ViewController.m in Sources */ = {isa = PBXBuildFile; fileRef = 0CA8364E1D89836500FEA38C /* ViewController.m */; };
		0CA836541D89836500FEA38C /* Assets.xcassets in Resources */ = {isa = PBXBuildFile; fileRef = 0CA836531D89836500FEA38C /* Assets.xcassets */; };
		0CA836571D89836500FEA38C /* LaunchScreen.storyboard in Resources */ = {isa = PBXBuildFile; fileRef = 0CA836551D89836500FEA38C /* LaunchScreen.storyboard */; };
		0CB3E90A1CDCB11900D27D69 /* ContentsCenterViewController.m in Sources */ = {isa = PBXBuildFile; fileRef = 0CB3E9091CDCB11900D27D69 /* ContentsCenterViewController.m */; };
/* End PBXBuildFile section */

/* Begin PBXFileReference section */
		0C0CD12E1D6686B600184640 /* ViewController.xib */ = {isa = PBXFileReference; fileEncoding = 4; lastKnownFileType = file.xib; path = ViewController.xib; sourceTree = "<group>"; };
		0C25E21A1D88207A00089A40 /* 0202_CustomDrawing.app */ = {isa = PBXFileReference; explicitFileType = wrapper.application; includeInIndex = 0; path = 0202_CustomDrawing.app; sourceTree = BUILT_PRODUCTS_DIR; };
		0C25E21D1D88207A00089A40 /* main.m */ = {isa = PBXFileReference; lastKnownFileType = sourcecode.c.objc; path = main.m; sourceTree = "<group>"; };
		0C25E21F1D88207A00089A40 /* AppDelegate.h */ = {isa = PBXFileReference; lastKnownFileType = sourcecode.c.h; path = AppDelegate.h; sourceTree = "<group>"; };
		0C25E2201D88207A00089A40 /* AppDelegate.m */ = {isa = PBXFileReference; lastKnownFileType = sourcecode.c.objc; path = AppDelegate.m; sourceTree = "<group>"; };
		0C25E2221D88207A00089A40 /* ViewController.h */ = {isa = PBXFileReference; lastKnownFileType = sourcecode.c.h; path = ViewController.h; sourceTree = "<group>"; };
		0C25E2231D88207A00089A40 /* ViewController.m */ = {isa = PBXFileReference; lastKnownFileType = sourcecode.c.objc; path = ViewController.m; sourceTree = "<group>"; };
		0C25E2261D88207A00089A40 /* Base */ = {isa = PBXFileReference; lastKnownFileType = file.storyboard; name = Base; path = Base.lproj/Main.storyboard; sourceTree = "<group>"; };
		0C25E2281D88207A00089A40 /* Assets.xcassets */ = {isa = PBXFileReference; lastKnownFileType = folder.assetcatalog; path = Assets.xcassets; sourceTree = "<group>"; };
		0C25E22B1D88207A00089A40 /* Base */ = {isa = PBXFileReference; lastKnownFileType = file.storyboard; name = Base; path = Base.lproj/LaunchScreen.storyboard; sourceTree = "<group>"; };
		0C25E22D1D88207A00089A40 /* Info.plist */ = {isa = PBXFileReference; lastKnownFileType = text.plist.xml; path = Info.plist; sourceTree = "<group>"; };
		0C5514041CDB9E2300270909 /* 02_寄宿图.app */ = {isa = PBXFileReference; explicitFileType = wrapper.application; includeInIndex = 0; path = "02_寄宿图.app"; sourceTree = BUILT_PRODUCTS_DIR; };
		0C5514071CDB9E2400270909 /* main.m */ = {isa = PBXFileReference; lastKnownFileType = sourcecode.c.objc; path = main.m; sourceTree = "<group>"; };
		0C5514091CDB9E2400270909 /* AppDelegate.h */ = {isa = PBXFileReference; lastKnownFileType = sourcecode.c.h; path = AppDelegate.h; sourceTree = "<group>"; };
		0C55140A1CDB9E2400270909 /* AppDelegate.m */ = {isa = PBXFileReference; lastKnownFileType = sourcecode.c.objc; path = AppDelegate.m; sourceTree = "<group>"; };
		0C55140C1CDB9E2400270909 /* ViewController.h */ = {isa = PBXFileReference; lastKnownFileType = sourcecode.c.h; path = ViewController.h; sourceTree = "<group>"; };
		0C55140D1CDB9E2400270909 /* ViewController.m */ = {isa = PBXFileReference; lastKnownFileType = sourcecode.c.objc; path = ViewController.m; sourceTree = "<group>"; };
		0C5514101CDB9E2400270909 /* Base */ = {isa = PBXFileReference; lastKnownFileType = file.storyboard; name = Base; path = Base.lproj/Main.storyboard; sourceTree = "<group>"; };
		0C5514121CDB9E2400270909 /* Assets.xcassets */ = {isa = PBXFileReference; lastKnownFileType = folder.assetcatalog; path = Assets.xcassets; sourceTree = "<group>"; };
		0C5514151CDB9E2400270909 /* Base */ = {isa = PBXFileReference; lastKnownFileType = file.storyboard; name = Base; path = Base.lproj/LaunchScreen.storyboard; sourceTree = "<group>"; };
		0C5514171CDB9E2400270909 /* Info.plist */ = {isa = PBXFileReference; lastKnownFileType = text.plist.xml; path = Info.plist; sourceTree = "<group>"; };
		0C5907731D6696BB000B44ED /* 0302_时钟指针+AnchorPoint.app */ = {isa = PBXFileReference; explicitFileType = wrapper.application; includeInIndex = 0; path = "0302_时钟指针+AnchorPoint.app"; sourceTree = BUILT_PRODUCTS_DIR; };
		0C5907761D6696BB000B44ED /* main.m */ = {isa = PBXFileReference; lastKnownFileType = sourcecode.c.objc; path = main.m; sourceTree = "<group>"; };
		0C5907781D6696BB000B44ED /* AppDelegate.h */ = {isa = PBXFileReference; lastKnownFileType = sourcecode.c.h; path = AppDelegate.h; sourceTree = "<group>"; };
		0C5907791D6696BB000B44ED /* AppDelegate.m */ = {isa = PBXFileReference; lastKnownFileType = sourcecode.c.objc; path = AppDelegate.m; sourceTree = "<group>"; };
		0C59077B1D6696BB000B44ED /* ViewController.h */ = {isa = PBXFileReference; lastKnownFileType = sourcecode.c.h; path = ViewController.h; sourceTree = "<group>"; };
		0C59077C1D6696BB000B44ED /* ViewController.m */ = {isa = PBXFileReference; lastKnownFileType = sourcecode.c.objc; path = ViewController.m; sourceTree = "<group>"; };
		0C5907811D6696BB000B44ED /* Assets.xcassets */ = {isa = PBXFileReference; lastKnownFileType = folder.assetcatalog; path = Assets.xcassets; sourceTree = "<group>"; };
		0C5907841D6696BB000B44ED /* Base */ = {isa = PBXFileReference; lastKnownFileType = file.storyboard; name = Base; path = Base.lproj/LaunchScreen.storyboard; sourceTree = "<group>"; };
		0C5907861D6696BB000B44ED /* Info.plist */ = {isa = PBXFileReference; lastKnownFileType = text.plist.xml; path = Info.plist; sourceTree = "<group>"; };
		0C59078A1D669731000B44ED /* ViewController.xib */ = {isa = PBXFileReference; fileEncoding = 4; lastKnownFileType = file.xib; path = ViewController.xib; sourceTree = "<group>"; };
		0CA4B3551CD846B800CAD3BF /* Objective-C_iOSCoreAnimation.app */ = {isa = PBXFileReference; explicitFileType = wrapper.application; includeInIndex = 0; path = "Objective-C_iOSCoreAnimation.app"; sourceTree = BUILT_PRODUCTS_DIR; };
		0CA4B3591CD846B800CAD3BF /* main.m */ = {isa = PBXFileReference; lastKnownFileType = sourcecode.c.objc; path = main.m; sourceTree = "<group>"; };
		0CA4B35B1CD846B800CAD3BF /* AppDelegate.h */ = {isa = PBXFileReference; lastKnownFileType = sourcecode.c.h; path = AppDelegate.h; sourceTree = "<group>"; };
		0CA4B35C1CD846B800CAD3BF /* AppDelegate.m */ = {isa = PBXFileReference; lastKnownFileType = sourcecode.c.objc; path = AppDelegate.m; sourceTree = "<group>"; };
		0CA4B35E1CD846B800CAD3BF /* ViewController.h */ = {isa = PBXFileReference; lastKnownFileType = sourcecode.c.h; path = ViewController.h; sourceTree = "<group>"; };
		0CA4B35F1CD846B800CAD3BF /* ViewController.m */ = {isa = PBXFileReference; lastKnownFileType = sourcecode.c.objc; path = ViewController.m; sourceTree = "<group>"; };
		0CA4B3621CD846B800CAD3BF /* Base */ = {isa = PBXFileReference; lastKnownFileType = file.storyboard; name = Base; path = Base.lproj/Main.storyboard; sourceTree = "<group>"; };
		0CA4B3641CD846B800CAD3BF /* Assets.xcassets */ = {isa = PBXFileReference; lastKnownFileType = folder.assetcatalog; path = Assets.xcassets; sourceTree = "<group>"; };
		0CA4B3671CD846B800CAD3BF /* Base */ = {isa = PBXFileReference; lastKnownFileType = file.storyboard; name = Base; path = Base.lproj/LaunchScreen.storyboard; sourceTree = "<group>"; };
		0CA4B3691CD846B800CAD3BF /* Info.plist */ = {isa = PBXFileReference; lastKnownFileType = text.plist.xml; path = Info.plist; sourceTree = "<group>"; };
		0CA4B3731CD846B800CAD3BF /* 01_图层树.app */ = {isa = PBXFileReference; explicitFileType = wrapper.application; includeInIndex = 0; path = "01_图层树.app"; sourceTree = BUILT_PRODUCTS_DIR; };
		0CA4B3761CD846B800CAD3BF /* main.m */ = {isa = PBXFileReference; lastKnownFileType = sourcecode.c.objc; path = main.m; sourceTree = "<group>"; };
		0CA4B3781CD846B800CAD3BF /* AppDelegate.h */ = {isa = PBXFileReference; lastKnownFileType = sourcecode.c.h; path = AppDelegate.h; sourceTree = "<group>"; };
		0CA4B3791CD846B800CAD3BF /* AppDelegate.m */ = {isa = PBXFileReference; lastKnownFileType = sourcecode.c.objc; path = AppDelegate.m; sourceTree = "<group>"; };
		0CA4B37B1CD846B800CAD3BF /* ViewController.h */ = {isa = PBXFileReference; lastKnownFileType = sourcecode.c.h; path = ViewController.h; sourceTree = "<group>"; };
		0CA4B37C1CD846B800CAD3BF /* ViewController.m */ = {isa = PBXFileReference; lastKnownFileType = sourcecode.c.objc; path = ViewController.m; sourceTree = "<group>"; };
		0CA4B37F1CD846B800CAD3BF /* Base */ = {isa = PBXFileReference; lastKnownFileType = file.storyboard; name = Base; path = Base.lproj/Main.storyboard; sourceTree = "<group>"; };
		0CA4B3811CD846B800CAD3BF /* Assets.xcassets */ = {isa = PBXFileReference; lastKnownFileType = folder.assetcatalog; path = Assets.xcassets; sourceTree = "<group>"; };
		0CA4B3841CD846B800CAD3BF /* Base */ = {isa = PBXFileReference; lastKnownFileType = file.storyboard; name = Base; path = Base.lproj/LaunchScreen.storyboard; sourceTree = "<group>"; };
		0CA4B3861CD846B800CAD3BF /* Info.plist */ = {isa = PBXFileReference; lastKnownFileType = text.plist.xml; path = Info.plist; sourceTree = "<group>"; };
		0CA836451D89836500FEA38C /* 0301_ClockFace.app */ = {isa = PBXFileReference; explicitFileType = wrapper.application; includeInIndex = 0; path = 0301_ClockFace.app; sourceTree = BUILT_PRODUCTS_DIR; };
		0CA836481D89836500FEA38C /* main.m */ = {isa = PBXFileReference; lastKnownFileType = sourcecode.c.objc; path = main.m; sourceTree = "<group>"; };
		0CA8364A1D89836500FEA38C /* AppDelegate.h */ = {isa = PBXFileReference; lastKnownFileType = sourcecode.c.h; path = AppDelegate.h; sourceTree = "<group>"; };
		0CA8364B1D89836500FEA38C /* AppDelegate.m */ = {isa = PBXFileReference; lastKnownFileType = sourcecode.c.objc; path = AppDelegate.m; sourceTree = "<group>"; };
		0CA8364D1D89836500FEA38C /* ViewController.h */ = {isa = PBXFileReference; lastKnownFileType = sourcecode.c.h; path = ViewController.h; sourceTree = "<group>"; };
		0CA8364E1D89836500FEA38C /* ViewController.m */ = {isa = PBXFileReference; lastKnownFileType = sourcecode.c.objc; path = ViewController.m; sourceTree = "<group>"; };
		0CA836531D89836500FEA38C /* Assets.xcassets */ = {isa = PBXFileReference; lastKnownFileType = folder.assetcatalog; path = Assets.xcassets; sourceTree = "<group>"; };
		0CA836561D89836500FEA38C /* Base */ = {isa = PBXFileReference; lastKnownFileType = file.storyboard; name = Base; path = Base.lproj/LaunchScreen.storyboard; sourceTree = "<group>"; };
		0CA836581D89836500FEA38C /* Info.plist */ = {isa = PBXFileReference; lastKnownFileType = text.plist.xml; path = Info.plist; sourceTree = "<group>"; };
		0CB3E9081CDCB11900D27D69 /* ContentsCenterViewController.h */ = {isa = PBXFileReference; fileEncoding = 4; lastKnownFileType = sourcecode.c.h; path = ContentsCenterViewController.h; sourceTree = "<group>"; };
		0CB3E9091CDCB11900D27D69 /* ContentsCenterViewController.m */ = {isa = PBXFileReference; fileEncoding = 4; lastKnownFileType = sourcecode.c.objc; path = ContentsCenterViewController.m; sourceTree = "<group>"; };
/* End PBXFileReference section */

/* Begin PBXFrameworksBuildPhase section */
		0C25E2171D88207A00089A40 /* Frameworks */ = {
			isa = PBXFrameworksBuildPhase;
			buildActionMask = 2147483647;
			files = (
			);
			runOnlyForDeploymentPostprocessing = 0;
		};
		0C5514011CDB9E2300270909 /* Frameworks */ = {
			isa = PBXFrameworksBuildPhase;
			buildActionMask = 2147483647;
			files = (
			);
			runOnlyForDeploymentPostprocessing = 0;
		};
		0C5907701D6696BB000B44ED /* Frameworks */ = {
			isa = PBXFrameworksBuildPhase;
			buildActionMask = 2147483647;
			files = (
			);
			runOnlyForDeploymentPostprocessing = 0;
		};
		0CA4B3521CD846B800CAD3BF /* Frameworks */ = {
			isa = PBXFrameworksBuildPhase;
			buildActionMask = 2147483647;
			files = (
			);
			runOnlyForDeploymentPostprocessing = 0;
		};
		0CA4B3701CD846B800CAD3BF /* Frameworks */ = {
			isa = PBXFrameworksBuildPhase;
			buildActionMask = 2147483647;
			files = (
			);
			runOnlyForDeploymentPostprocessing = 0;
		};
		0CA836421D89836500FEA38C /* Frameworks */ = {
			isa = PBXFrameworksBuildPhase;
			buildActionMask = 2147483647;
			files = (
			);
			runOnlyForDeploymentPostprocessing = 0;
		};
/* End PBXFrameworksBuildPhase section */

/* Begin PBXGroup section */
		0C25E21B1D88207A00089A40 /* 0202_CustomDrawing */ = {
			isa = PBXGroup;
			children = (
				0C25E21F1D88207A00089A40 /* AppDelegate.h */,
				0C25E2201D88207A00089A40 /* AppDelegate.m */,
				0C25E2221D88207A00089A40 /* ViewController.h */,
				0C25E2231D88207A00089A40 /* ViewController.m */,
				0C25E2251D88207A00089A40 /* Main.storyboard */,
				0C25E2281D88207A00089A40 /* Assets.xcassets */,
				0C25E22A1D88207A00089A40 /* LaunchScreen.storyboard */,
				0C25E22D1D88207A00089A40 /* Info.plist */,
				0C25E21C1D88207A00089A40 /* Supporting Files */,
			);
			path = 0202_CustomDrawing;
			sourceTree = "<group>";
		};
		0C25E21C1D88207A00089A40 /* Supporting Files */ = {
			isa = PBXGroup;
			children = (
				0C25E21D1D88207A00089A40 /* main.m */,
			);
			name = "Supporting Files";
			sourceTree = "<group>";
		};
		0C5514051CDB9E2400270909 /* 02_寄宿图 */ = {
			isa = PBXGroup;
			children = (
				0C5514091CDB9E2400270909 /* AppDelegate.h */,
				0C55140A1CDB9E2400270909 /* AppDelegate.m */,
				0C55140C1CDB9E2400270909 /* ViewController.h */,
				0C55140D1CDB9E2400270909 /* ViewController.m */,
				0CB3E9081CDCB11900D27D69 /* ContentsCenterViewController.h */,
				0CB3E9091CDCB11900D27D69 /* ContentsCenterViewController.m */,
				0C55140F1CDB9E2400270909 /* Main.storyboard */,
				0C5514121CDB9E2400270909 /* Assets.xcassets */,
				0C5514141CDB9E2400270909 /* LaunchScreen.storyboard */,
				0C5514171CDB9E2400270909 /* Info.plist */,
				0C5514061CDB9E2400270909 /* Supporting Files */,
			);
			path = "02_寄宿图";
			sourceTree = "<group>";
		};
		0C5514061CDB9E2400270909 /* Supporting Files */ = {
			isa = PBXGroup;
			children = (
				0C5514071CDB9E2400270909 /* main.m */,
			);
			name = "Supporting Files";
			sourceTree = "<group>";
		};
		0C5907741D6696BB000B44ED /* 0302_时钟指针+AnchorPoint */ = {
			isa = PBXGroup;
			children = (
				0C5907781D6696BB000B44ED /* AppDelegate.h */,
				0C5907791D6696BB000B44ED /* AppDelegate.m */,
				0C59077B1D6696BB000B44ED /* ViewController.h */,
				0C59077C1D6696BB000B44ED /* ViewController.m */,
				0C59078A1D669731000B44ED /* ViewController.xib */,
				0C5907811D6696BB000B44ED /* Assets.xcassets */,
				0C5907831D6696BB000B44ED /* LaunchScreen.storyboard */,
				0C5907861D6696BB000B44ED /* Info.plist */,
				0C5907751D6696BB000B44ED /* Supporting Files */,
			);
			path = "0302_时钟指针+AnchorPoint";
			sourceTree = "<group>";
		};
		0C5907751D6696BB000B44ED /* Supporting Files */ = {
			isa = PBXGroup;
			children = (
				0C5907761D6696BB000B44ED /* main.m */,
			);
			name = "Supporting Files";
			sourceTree = "<group>";
		};
		0CA4B34C1CD846B800CAD3BF = {
			isa = PBXGroup;
			children = (
				0CA4B3571CD846B800CAD3BF /* Objective-C_iOSCoreAnimation */,
				0CA4B3741CD846B800CAD3BF /* 01_图层树 */,
				0C5514051CDB9E2400270909 /* 02_寄宿图 */,
				0C25E21B1D88207A00089A40 /* 0202_CustomDrawing */,
				0CA836461D89836500FEA38C /* 0301_ClockFace */,
				0C5907741D6696BB000B44ED /* 0302_时钟指针+AnchorPoint */,
				0CA4B3561CD846B800CAD3BF /* Products */,
			);
			sourceTree = "<group>";
		};
		0CA4B3561CD846B800CAD3BF /* Products */ = {
			isa = PBXGroup;
			children = (
				0CA4B3551CD846B800CAD3BF /* Objective-C_iOSCoreAnimation.app */,
				0CA4B3731CD846B800CAD3BF /* 01_图层树.app */,
				0C5514041CDB9E2300270909 /* 02_寄宿图.app */,
				0C25E21A1D88207A00089A40 /* 0202_CustomDrawing.app */,
				0CA836451D89836500FEA38C /* 0301_ClockFace.app */,
				0C5907731D6696BB000B44ED /* 0302_时钟指针+AnchorPoint.app */,
			);
			name = Products;
			sourceTree = "<group>";
		};
		0CA4B3571CD846B800CAD3BF /* Objective-C_iOSCoreAnimation */ = {
			isa = PBXGroup;
			children = (
				0CA4B35B1CD846B800CAD3BF /* AppDelegate.h */,
				0CA4B35C1CD846B800CAD3BF /* AppDelegate.m */,
				0CA4B35E1CD846B800CAD3BF /* ViewController.h */,
				0CA4B35F1CD846B800CAD3BF /* ViewController.m */,
				0CA4B3611CD846B800CAD3BF /* Main.storyboard */,
				0CA4B3641CD846B800CAD3BF /* Assets.xcassets */,
				0CA4B3661CD846B800CAD3BF /* LaunchScreen.storyboard */,
				0CA4B3691CD846B800CAD3BF /* Info.plist */,
				0CA4B3581CD846B800CAD3BF /* Supporting Files */,
			);
			path = "Objective-C_iOSCoreAnimation";
			sourceTree = "<group>";
		};
		0CA4B3581CD846B800CAD3BF /* Supporting Files */ = {
			isa = PBXGroup;
			children = (
				0CA4B3591CD846B800CAD3BF /* main.m */,
			);
			name = "Supporting Files";
			sourceTree = "<group>";
		};
		0CA4B3741CD846B800CAD3BF /* 01_图层树 */ = {
			isa = PBXGroup;
			children = (
				0CA4B3781CD846B800CAD3BF /* AppDelegate.h */,
				0CA4B3791CD846B800CAD3BF /* AppDelegate.m */,
				0CA4B37B1CD846B800CAD3BF /* ViewController.h */,
				0CA4B37C1CD846B800CAD3BF /* ViewController.m */,
				0CA4B37E1CD846B800CAD3BF /* Main.storyboard */,
				0CA4B3811CD846B800CAD3BF /* Assets.xcassets */,
				0CA4B3831CD846B800CAD3BF /* LaunchScreen.storyboard */,
				0CA4B3861CD846B800CAD3BF /* Info.plist */,
				0CA4B3751CD846B800CAD3BF /* Supporting Files */,
			);
			path = "01_图层树";
			sourceTree = "<group>";
		};
		0CA4B3751CD846B800CAD3BF /* Supporting Files */ = {
			isa = PBXGroup;
			children = (
				0CA4B3761CD846B800CAD3BF /* main.m */,
			);
			name = "Supporting Files";
			sourceTree = "<group>";
		};
		0CA836461D89836500FEA38C /* 0301_ClockFace */ = {
			isa = PBXGroup;
			children = (
				0CA8364A1D89836500FEA38C /* AppDelegate.h */,
				0CA8364B1D89836500FEA38C /* AppDelegate.m */,
				0CA8364D1D89836500FEA38C /* ViewController.h */,
				0CA8364E1D89836500FEA38C /* ViewController.m */,
				0C0CD12E1D6686B600184640 /* ViewController.xib */,
				0CA836531D89836500FEA38C /* Assets.xcassets */,
				0CA836551D89836500FEA38C /* LaunchScreen.storyboard */,
				0CA836581D89836500FEA38C /* Info.plist */,
				0CA836471D89836500FEA38C /* Supporting Files */,
			);
			path = 0301_ClockFace;
			sourceTree = "<group>";
		};
		0CA836471D89836500FEA38C /* Supporting Files */ = {
			isa = PBXGroup;
			children = (
				0CA836481D89836500FEA38C /* main.m */,
			);
			name = "Supporting Files";
			sourceTree = "<group>";
		};
/* End PBXGroup section */

/* Begin PBXNativeTarget section */
		0C25E2191D88207A00089A40 /* 0202_CustomDrawing */ = {
			isa = PBXNativeTarget;
			buildConfigurationList = 0C25E2301D88207A00089A40 /* Build configuration list for PBXNativeTarget "0202_CustomDrawing" */;
			buildPhases = (
				0C25E2161D88207A00089A40 /* Sources */,
				0C25E2171D88207A00089A40 /* Frameworks */,
				0C25E2181D88207A00089A40 /* Resources */,
			);
			buildRules = (
			);
			dependencies = (
			);
			name = 0202_CustomDrawing;
			productName = 0202_CustomDrawing;
			productReference = 0C25E21A1D88207A00089A40 /* 0202_CustomDrawing.app */;
			productType = "com.apple.product-type.application";
		};
		0C5514031CDB9E2300270909 /* 02_寄宿图 */ = {
			isa = PBXNativeTarget;
			buildConfigurationList = 0C5514181CDB9E2400270909 /* Build configuration list for PBXNativeTarget "02_寄宿图" */;
			buildPhases = (
				0C5514001CDB9E2300270909 /* Sources */,
				0C5514011CDB9E2300270909 /* Frameworks */,
				0C5514021CDB9E2300270909 /* Resources */,
			);
			buildRules = (
			);
			dependencies = (
			);
			name = "02_寄宿图";
			productName = "02_寄宿图";
			productReference = 0C5514041CDB9E2300270909 /* 02_寄宿图.app */;
			productType = "com.apple.product-type.application";
		};
		0C5907721D6696BB000B44ED /* 0302_时钟指针+AnchorPoint */ = {
			isa = PBXNativeTarget;
			buildConfigurationList = 0C5907871D6696BB000B44ED /* Build configuration list for PBXNativeTarget "0302_时钟指针+AnchorPoint" */;
			buildPhases = (
				0C59076F1D6696BB000B44ED /* Sources */,
				0C5907701D6696BB000B44ED /* Frameworks */,
				0C5907711D6696BB000B44ED /* Resources */,
			);
			buildRules = (
			);
			dependencies = (
			);
			name = "0302_时钟指针+AnchorPoint";
			productName = "0302_时钟指针+AnchorPoint";
			productReference = 0C5907731D6696BB000B44ED /* 0302_时钟指针+AnchorPoint.app */;
			productType = "com.apple.product-type.application";
		};
		0CA4B3541CD846B800CAD3BF /* Objective-C_iOSCoreAnimation */ = {
			isa = PBXNativeTarget;
			buildConfigurationList = 0CA4B36C1CD846B800CAD3BF /* Build configuration list for PBXNativeTarget "Objective-C_iOSCoreAnimation" */;
			buildPhases = (
				0CA4B3511CD846B800CAD3BF /* Sources */,
				0CA4B3521CD846B800CAD3BF /* Frameworks */,
				0CA4B3531CD846B800CAD3BF /* Resources */,
			);
			buildRules = (
			);
			dependencies = (
			);
			name = "Objective-C_iOSCoreAnimation";
			productName = "Objective-C_iOSCoreAnimation";
			productReference = 0CA4B3551CD846B800CAD3BF /* Objective-C_iOSCoreAnimation.app */;
			productType = "com.apple.product-type.application";
		};
		0CA4B3721CD846B800CAD3BF /* 01_图层树 */ = {
			isa = PBXNativeTarget;
			buildConfigurationList = 0CA4B3871CD846B800CAD3BF /* Build configuration list for PBXNativeTarget "01_图层树" */;
			buildPhases = (
				0CA4B36F1CD846B800CAD3BF /* Sources */,
				0CA4B3701CD846B800CAD3BF /* Frameworks */,
				0CA4B3711CD846B800CAD3BF /* Resources */,
			);
			buildRules = (
			);
			dependencies = (
			);
			name = "01_图层树";
			productName = "01_图层树";
			productReference = 0CA4B3731CD846B800CAD3BF /* 01_图层树.app */;
			productType = "com.apple.product-type.application";
		};
		0CA836441D89836500FEA38C /* 0301_ClockFace */ = {
			isa = PBXNativeTarget;
			buildConfigurationList = 0CA8365B1D89836500FEA38C /* Build configuration list for PBXNativeTarget "0301_ClockFace" */;
			buildPhases = (
				0CA836411D89836500FEA38C /* Sources */,
				0CA836421D89836500FEA38C /* Frameworks */,
				0CA836431D89836500FEA38C /* Resources */,
			);
			buildRules = (
			);
			dependencies = (
			);
			name = 0301_ClockFace;
			productName = 0301_ClockFace;
			productReference = 0CA836451D89836500FEA38C /* 0301_ClockFace.app */;
			productType = "com.apple.product-type.application";
		};
/* End PBXNativeTarget section */

/* Begin PBXProject section */
		0CA4B34D1CD846B800CAD3BF /* Project object */ = {
			isa = PBXProject;
			attributes = {
				LastUpgradeCheck = 0720;
				ORGANIZATIONNAME = Yuen;
				TargetAttributes = {
					0C25E2191D88207A00089A40 = {
						CreatedOnToolsVersion = 7.2.1;
					};
					0C5514031CDB9E2300270909 = {
						CreatedOnToolsVersion = 7.2.1;
					};
					0C5907721D6696BB000B44ED = {
						CreatedOnToolsVersion = 7.2.1;
					};
					0CA4B3541CD846B800CAD3BF = {
						CreatedOnToolsVersion = 7.2.1;
					};
					0CA4B3721CD846B800CAD3BF = {
						CreatedOnToolsVersion = 7.2.1;
					};
					0CA836441D89836500FEA38C = {
						CreatedOnToolsVersion = 7.2.1;
					};
				};
			};
			buildConfigurationList = 0CA4B3501CD846B800CAD3BF /* Build configuration list for PBXProject "Objective-C_iOSCoreAnimation" */;
			compatibilityVersion = "Xcode 3.2";
			developmentRegion = English;
			hasScannedForEncodings = 0;
			knownRegions = (
				en,
				Base,
			);
			mainGroup = 0CA4B34C1CD846B800CAD3BF;
			productRefGroup = 0CA4B3561CD846B800CAD3BF /* Products */;
			projectDirPath = "";
			projectRoot = "";
			targets = (
				0CA4B3541CD846B800CAD3BF /* Objective-C_iOSCoreAnimation */,
				0CA4B3721CD846B800CAD3BF /* 01_图层树 */,
				0C5514031CDB9E2300270909 /* 02_寄宿图 */,
				0C25E2191D88207A00089A40 /* 0202_CustomDrawing */,
				0CA836441D89836500FEA38C /* 0301_ClockFace */,
				0C5907721D6696BB000B44ED /* 0302_时钟指针+AnchorPoint */,
			);
		};
/* End PBXProject section */

/* Begin PBXResourcesBuildPhase section */
		0C25E2181D88207A00089A40 /* Resources */ = {
			isa = PBXResourcesBuildPhase;
			buildActionMask = 2147483647;
			files = (
				0C25E22C1D88207A00089A40 /* LaunchScreen.storyboard in Resources */,
				0C25E2291D88207A00089A40 /* Assets.xcassets in Resources */,
				0C25E2271D88207A00089A40 /* Main.storyboard in Resources */,
			);
			runOnlyForDeploymentPostprocessing = 0;
		};
		0C5514021CDB9E2300270909 /* Resources */ = {
			isa = PBXResourcesBuildPhase;
			buildActionMask = 2147483647;
			files = (
				0C5514161CDB9E2400270909 /* LaunchScreen.storyboard in Resources */,
				0C5514131CDB9E2400270909 /* Assets.xcassets in Resources */,
				0C5514111CDB9E2400270909 /* Main.storyboard in Resources */,
			);
			runOnlyForDeploymentPostprocessing = 0;
		};
		0C5907711D6696BB000B44ED /* Resources */ = {
			isa = PBXResourcesBuildPhase;
			buildActionMask = 2147483647;
			files = (
				0C5907851D6696BB000B44ED /* LaunchScreen.storyboard in Resources */,
				0C59078B1D669731000B44ED /* ViewController.xib in Resources */,
				0C5907821D6696BB000B44ED /* Assets.xcassets in Resources */,
			);
			runOnlyForDeploymentPostprocessing = 0;
		};
		0CA4B3531CD846B800CAD3BF /* Resources */ = {
			isa = PBXResourcesBuildPhase;
			buildActionMask = 2147483647;
			files = (
				0CA4B3681CD846B800CAD3BF /* LaunchScreen.storyboard in Resources */,
				0CA4B3651CD846B800CAD3BF /* Assets.xcassets in Resources */,
				0CA4B3631CD846B800CAD3BF /* Main.storyboard in Resources */,
			);
			runOnlyForDeploymentPostprocessing = 0;
		};
		0CA4B3711CD846B800CAD3BF /* Resources */ = {
			isa = PBXResourcesBuildPhase;
			buildActionMask = 2147483647;
			files = (
				0CA4B3851CD846B800CAD3BF /* LaunchScreen.storyboard in Resources */,
				0CA4B3821CD846B800CAD3BF /* Assets.xcassets in Resources */,
				0CA4B3801CD846B800CAD3BF /* Main.storyboard in Resources */,
			);
			runOnlyForDeploymentPostprocessing = 0;
		};
		0CA836431D89836500FEA38C /* Resources */ = {
			isa = PBXResourcesBuildPhase;
			buildActionMask = 2147483647;
			files = (
				0CA836571D89836500FEA38C /* LaunchScreen.storyboard in Resources */,
				0CA836541D89836500FEA38C /* Assets.xcassets in Resources */,
				0C0CD12F1D6686B600184640 /* ViewController.xib in Resources */,
			);
			runOnlyForDeploymentPostprocessing = 0;
		};
/* End PBXResourcesBuildPhase section */

/* Begin PBXSourcesBuildPhase section */
		0C25E2161D88207A00089A40 /* Sources */ = {
			isa = PBXSourcesBuildPhase;
			buildActionMask = 2147483647;
			files = (
				0C25E2241D88207A00089A40 /* ViewController.m in Sources */,
				0C25E2211D88207A00089A40 /* AppDelegate.m in Sources */,
				0C25E21E1D88207A00089A40 /* main.m in Sources */,
			);
			runOnlyForDeploymentPostprocessing = 0;
		};
		0C5514001CDB9E2300270909 /* Sources */ = {
			isa = PBXSourcesBuildPhase;
			buildActionMask = 2147483647;
			files = (
				0C55140E1CDB9E2400270909 /* ViewController.m in Sources */,
				0C55140B1CDB9E2400270909 /* AppDelegate.m in Sources */,
				0C5514081CDB9E2400270909 /* main.m in Sources */,
				0CB3E90A1CDCB11900D27D69 /* ContentsCenterViewController.m in Sources */,
			);
			runOnlyForDeploymentPostprocessing = 0;
		};
		0C59076F1D6696BB000B44ED /* Sources */ = {
			isa = PBXSourcesBuildPhase;
			buildActionMask = 2147483647;
			files = (
				0C59077D1D6696BB000B44ED /* ViewController.m in Sources */,
				0C59077A1D6696BB000B44ED /* AppDelegate.m in Sources */,
				0C5907771D6696BB000B44ED /* main.m in Sources */,
			);
			runOnlyForDeploymentPostprocessing = 0;
		};
		0CA4B3511CD846B800CAD3BF /* Sources */ = {
			isa = PBXSourcesBuildPhase;
			buildActionMask = 2147483647;
			files = (
				0CA4B3601CD846B800CAD3BF /* ViewController.m in Sources */,
				0CA4B35D1CD846B800CAD3BF /* AppDelegate.m in Sources */,
				0CA4B35A1CD846B800CAD3BF /* main.m in Sources */,
			);
			runOnlyForDeploymentPostprocessing = 0;
		};
		0CA4B36F1CD846B800CAD3BF /* Sources */ = {
			isa = PBXSourcesBuildPhase;
			buildActionMask = 2147483647;
			files = (
				0CA4B37D1CD846B800CAD3BF /* ViewController.m in Sources */,
				0CA4B37A1CD846B800CAD3BF /* AppDelegate.m in Sources */,
				0CA4B3771CD846B800CAD3BF /* main.m in Sources */,
			);
			runOnlyForDeploymentPostprocessing = 0;
		};
		0CA836411D89836500FEA38C /* Sources */ = {
			isa = PBXSourcesBuildPhase;
			buildActionMask = 2147483647;
			files = (
				0CA8364F1D89836500FEA38C /* ViewController.m in Sources */,
				0CA8364C1D89836500FEA38C /* AppDelegate.m in Sources */,
				0CA836491D89836500FEA38C /* main.m in Sources */,
			);
			runOnlyForDeploymentPostprocessing = 0;
		};
/* End PBXSourcesBuildPhase section */

/* Begin PBXVariantGroup section */
		0C25E2251D88207A00089A40 /* Main.storyboard */ = {
			isa = PBXVariantGroup;
			children = (
				0C25E2261D88207A00089A40 /* Base */,
			);
			name = Main.storyboard;
			sourceTree = "<group>";
		};
		0C25E22A1D88207A00089A40 /* LaunchScreen.storyboard */ = {
			isa = PBXVariantGroup;
			children = (
				0C25E22B1D88207A00089A40 /* Base */,
			);
			name = LaunchScreen.storyboard;
			sourceTree = "<group>";
		};
		0C55140F1CDB9E2400270909 /* Main.storyboard */ = {
			isa = PBXVariantGroup;
			children = (
				0C5514101CDB9E2400270909 /* Base */,
			);
			name = Main.storyboard;
			sourceTree = "<group>";
		};
		0C5514141CDB9E2400270909 /* LaunchScreen.storyboard */ = {
			isa = PBXVariantGroup;
			children = (
				0C5514151CDB9E2400270909 /* Base */,
			);
			name = LaunchScreen.storyboard;
			sourceTree = "<group>";
		};
		0C5907831D6696BB000B44ED /* LaunchScreen.storyboard */ = {
			isa = PBXVariantGroup;
			children = (
				0C5907841D6696BB000B44ED /* Base */,
			);
			name = LaunchScreen.storyboard;
			sourceTree = "<group>";
		};
		0CA4B3611CD846B800CAD3BF /* Main.storyboard */ = {
			isa = PBXVariantGroup;
			children = (
				0CA4B3621CD846B800CAD3BF /* Base */,
			);
			name = Main.storyboard;
			sourceTree = "<group>";
		};
		0CA4B3661CD846B800CAD3BF /* LaunchScreen.storyboard */ = {
			isa = PBXVariantGroup;
			children = (
				0CA4B3671CD846B800CAD3BF /* Base */,
			);
			name = LaunchScreen.storyboard;
			sourceTree = "<group>";
		};
		0CA4B37E1CD846B800CAD3BF /* Main.storyboard */ = {
			isa = PBXVariantGroup;
			children = (
				0CA4B37F1CD846B800CAD3BF /* Base */,
			);
			name = Main.storyboard;
			sourceTree = "<group>";
		};
		0CA4B3831CD846B800CAD3BF /* LaunchScreen.storyboard */ = {
			isa = PBXVariantGroup;
			children = (
				0CA4B3841CD846B800CAD3BF /* Base */,
			);
			name = LaunchScreen.storyboard;
			sourceTree = "<group>";
		};
		0CA836551D89836500FEA38C /* LaunchScreen.storyboard */ = {
			isa = PBXVariantGroup;
			children = (
				0CA836561D89836500FEA38C /* Base */,
			);
			name = LaunchScreen.storyboard;
			sourceTree = "<group>";
		};
/* End PBXVariantGroup section */

/* Begin XCBuildConfiguration section */
		0C25E22E1D88207A00089A40 /* Debug */ = {
			isa = XCBuildConfiguration;
			buildSettings = {
				ASSETCATALOG_COMPILER_APPICON_NAME = AppIcon;
				INFOPLIST_FILE = 0202_CustomDrawing/Info.plist;
				LD_RUNPATH_SEARCH_PATHS = "$(inherited) @executable_path/Frameworks";
				PRODUCT_BUNDLE_IDENTIFIER = "com.Yuen.-202-CustomDrawing";
				PRODUCT_NAME = "$(TARGET_NAME)";
			};
			name = Debug;
		};
		0C25E22F1D88207A00089A40 /* Release */ = {
			isa = XCBuildConfiguration;
			buildSettings = {
				ASSETCATALOG_COMPILER_APPICON_NAME = AppIcon;
				INFOPLIST_FILE = 0202_CustomDrawing/Info.plist;
				LD_RUNPATH_SEARCH_PATHS = "$(inherited) @executable_path/Frameworks";
				PRODUCT_BUNDLE_IDENTIFIER = "com.Yuen.-202-CustomDrawing";
				PRODUCT_NAME = "$(TARGET_NAME)";
			};
			name = Release;
		};
		0C5514191CDB9E2400270909 /* Debug */ = {
			isa = XCBuildConfiguration;
			buildSettings = {
				ASSETCATALOG_COMPILER_APPICON_NAME = AppIcon;
				INFOPLIST_FILE = "02_寄宿图/Info.plist";
				LD_RUNPATH_SEARCH_PATHS = "$(inherited) @executable_path/Frameworks";
				PRODUCT_BUNDLE_IDENTIFIER = "com.Yuen.-2----";
				PRODUCT_NAME = "$(TARGET_NAME)";
			};
			name = Debug;
		};
		0C55141A1CDB9E2400270909 /* Release */ = {
			isa = XCBuildConfiguration;
			buildSettings = {
				ASSETCATALOG_COMPILER_APPICON_NAME = AppIcon;
				INFOPLIST_FILE = "02_寄宿图/Info.plist";
				LD_RUNPATH_SEARCH_PATHS = "$(inherited) @executable_path/Frameworks";
				PRODUCT_BUNDLE_IDENTIFIER = "com.Yuen.-2----";
				PRODUCT_NAME = "$(TARGET_NAME)";
			};
			name = Release;
		};
		0C5907881D6696BB000B44ED /* Debug */ = {
			isa = XCBuildConfiguration;
			buildSettings = {
				ASSETCATALOG_COMPILER_APPICON_NAME = AppIcon;
				INFOPLIST_FILE = "0302_时钟指针+AnchorPoint/Info.plist";
				LD_RUNPATH_SEARCH_PATHS = "$(inherited) @executable_path/Frameworks";
				PRODUCT_BUNDLE_IDENTIFIER = "com.Yuen.-302------AnchorPoint";
				PRODUCT_NAME = "$(TARGET_NAME)";
			};
			name = Debug;
		};
		0C5907891D6696BB000B44ED /* Release */ = {
			isa = XCBuildConfiguration;
			buildSettings = {
				ASSETCATALOG_COMPILER_APPICON_NAME = AppIcon;
				INFOPLIST_FILE = "0302_时钟指针+AnchorPoint/Info.plist";
				LD_RUNPATH_SEARCH_PATHS = "$(inherited) @executable_path/Frameworks";
				PRODUCT_BUNDLE_IDENTIFIER = "com.Yuen.-302------AnchorPoint";
				PRODUCT_NAME = "$(TARGET_NAME)";
			};
			name = Release;
		};
		0CA4B36A1CD846B800CAD3BF /* Debug */ = {
			isa = XCBuildConfiguration;
			buildSettings = {
				ALWAYS_SEARCH_USER_PATHS = NO;
				CLANG_CXX_LANGUAGE_STANDARD = "gnu++0x";
				CLANG_CXX_LIBRARY = "libc++";
				CLANG_ENABLE_MODULES = YES;
				CLANG_ENABLE_OBJC_ARC = YES;
				CLANG_WARN_BOOL_CONVERSION = YES;
				CLANG_WARN_CONSTANT_CONVERSION = YES;
				CLANG_WARN_DIRECT_OBJC_ISA_USAGE = YES_ERROR;
				CLANG_WARN_EMPTY_BODY = YES;
				CLANG_WARN_ENUM_CONVERSION = YES;
				CLANG_WARN_INT_CONVERSION = YES;
				CLANG_WARN_OBJC_ROOT_CLASS = YES_ERROR;
				CLANG_WARN_UNREACHABLE_CODE = YES;
				CLANG_WARN__DUPLICATE_METHOD_MATCH = YES;
				"CODE_SIGN_IDENTITY[sdk=iphoneos*]" = "iPhone Developer";
				COPY_PHASE_STRIP = NO;
				DEBUG_INFORMATION_FORMAT = dwarf;
				ENABLE_STRICT_OBJC_MSGSEND = YES;
				ENABLE_TESTABILITY = YES;
				GCC_C_LANGUAGE_STANDARD = gnu99;
				GCC_DYNAMIC_NO_PIC = NO;
				GCC_NO_COMMON_BLOCKS = YES;
				GCC_OPTIMIZATION_LEVEL = 0;
				GCC_PREPROCESSOR_DEFINITIONS = (
					"DEBUG=1",
					"$(inherited)",
				);
				GCC_WARN_64_TO_32_BIT_CONVERSION = YES;
				GCC_WARN_ABOUT_RETURN_TYPE = YES_ERROR;
				GCC_WARN_UNDECLARED_SELECTOR = YES;
				GCC_WARN_UNINITIALIZED_AUTOS = YES_AGGRESSIVE;
				GCC_WARN_UNUSED_FUNCTION = YES;
				GCC_WARN_UNUSED_VARIABLE = YES;
				IPHONEOS_DEPLOYMENT_TARGET = 9.2;
				MTL_ENABLE_DEBUG_INFO = YES;
				ONLY_ACTIVE_ARCH = YES;
				SDKROOT = iphoneos;
				TARGETED_DEVICE_FAMILY = "1,2";
			};
			name = Debug;
		};
		0CA4B36B1CD846B800CAD3BF /* Release */ = {
			isa = XCBuildConfiguration;
			buildSettings = {
				ALWAYS_SEARCH_USER_PATHS = NO;
				CLANG_CXX_LANGUAGE_STANDARD = "gnu++0x";
				CLANG_CXX_LIBRARY = "libc++";
				CLANG_ENABLE_MODULES = YES;
				CLANG_ENABLE_OBJC_ARC = YES;
				CLANG_WARN_BOOL_CONVERSION = YES;
				CLANG_WARN_CONSTANT_CONVERSION = YES;
				CLANG_WARN_DIRECT_OBJC_ISA_USAGE = YES_ERROR;
				CLANG_WARN_EMPTY_BODY = YES;
				CLANG_WARN_ENUM_CONVERSION = YES;
				CLANG_WARN_INT_CONVERSION = YES;
				CLANG_WARN_OBJC_ROOT_CLASS = YES_ERROR;
				CLANG_WARN_UNREACHABLE_CODE = YES;
				CLANG_WARN__DUPLICATE_METHOD_MATCH = YES;
				"CODE_SIGN_IDENTITY[sdk=iphoneos*]" = "iPhone Developer";
				COPY_PHASE_STRIP = NO;
				DEBUG_INFORMATION_FORMAT = "dwarf-with-dsym";
				ENABLE_NS_ASSERTIONS = NO;
				ENABLE_STRICT_OBJC_MSGSEND = YES;
				GCC_C_LANGUAGE_STANDARD = gnu99;
				GCC_NO_COMMON_BLOCKS = YES;
				GCC_WARN_64_TO_32_BIT_CONVERSION = YES;
				GCC_WARN_ABOUT_RETURN_TYPE = YES_ERROR;
				GCC_WARN_UNDECLARED_SELECTOR = YES;
				GCC_WARN_UNINITIALIZED_AUTOS = YES_AGGRESSIVE;
				GCC_WARN_UNUSED_FUNCTION = YES;
				GCC_WARN_UNUSED_VARIABLE = YES;
				IPHONEOS_DEPLOYMENT_TARGET = 9.2;
				MTL_ENABLE_DEBUG_INFO = NO;
				SDKROOT = iphoneos;
				TARGETED_DEVICE_FAMILY = "1,2";
				VALIDATE_PRODUCT = YES;
			};
			name = Release;
		};
		0CA4B36D1CD846B800CAD3BF /* Debug */ = {
			isa = XCBuildConfiguration;
			buildSettings = {
				ASSETCATALOG_COMPILER_APPICON_NAME = AppIcon;
				INFOPLIST_FILE = "Objective-C_iOSCoreAnimation/Info.plist";
				LD_RUNPATH_SEARCH_PATHS = "$(inherited) @executable_path/Frameworks";
				PRODUCT_BUNDLE_IDENTIFIER = "com.Yuen.Objective-C-iOSCoreAnimation";
				PRODUCT_NAME = "$(TARGET_NAME)";
			};
			name = Debug;
		};
		0CA4B36E1CD846B800CAD3BF /* Release */ = {
			isa = XCBuildConfiguration;
			buildSettings = {
				ASSETCATALOG_COMPILER_APPICON_NAME = AppIcon;
				INFOPLIST_FILE = "Objective-C_iOSCoreAnimation/Info.plist";
				LD_RUNPATH_SEARCH_PATHS = "$(inherited) @executable_path/Frameworks";
				PRODUCT_BUNDLE_IDENTIFIER = "com.Yuen.Objective-C-iOSCoreAnimation";
				PRODUCT_NAME = "$(TARGET_NAME)";
			};
			name = Release;
		};
		0CA4B3881CD846B800CAD3BF /* Debug */ = {
			isa = XCBuildConfiguration;
			buildSettings = {
				ASSETCATALOG_COMPILER_APPICON_NAME = AppIcon;
				INFOPLIST_FILE = "01_图层树/Info.plist";
				LD_RUNPATH_SEARCH_PATHS = "$(inherited) @executable_path/Frameworks";
				PRODUCT_BUNDLE_IDENTIFIER = "com.Yuen.-1----";
				PRODUCT_NAME = "$(TARGET_NAME)";
			};
			name = Debug;
		};
		0CA4B3891CD846B800CAD3BF /* Release */ = {
			isa = XCBuildConfiguration;
			buildSettings = {
				ASSETCATALOG_COMPILER_APPICON_NAME = AppIcon;
				INFOPLIST_FILE = "01_图层树/Info.plist";
				LD_RUNPATH_SEARCH_PATHS = "$(inherited) @executable_path/Frameworks";
				PRODUCT_BUNDLE_IDENTIFIER = "com.Yuen.-1----";
				PRODUCT_NAME = "$(TARGET_NAME)";
			};
			name = Release;
		};
		0CA836591D89836500FEA38C /* Debug */ = {
			isa = XCBuildConfiguration;
			buildSettings = {
				ASSETCATALOG_COMPILER_APPICON_NAME = AppIcon;
				INFOPLIST_FILE = 0301_ClockFace/Info.plist;
				LD_RUNPATH_SEARCH_PATHS = "$(inherited) @executable_path/Frameworks";
				PRODUCT_BUNDLE_IDENTIFIER = "com.Yuen.-301-ClockFace";
				PRODUCT_NAME = "$(TARGET_NAME)";
			};
			name = Debug;
		};
		0CA8365A1D89836500FEA38C /* Release */ = {
			isa = XCBuildConfiguration;
			buildSettings = {
				ASSETCATALOG_COMPILER_APPICON_NAME = AppIcon;
				INFOPLIST_FILE = 0301_ClockFace/Info.plist;
				LD_RUNPATH_SEARCH_PATHS = "$(inherited) @executable_path/Frameworks";
				PRODUCT_BUNDLE_IDENTIFIER = "com.Yuen.-301-ClockFace";
				PRODUCT_NAME = "$(TARGET_NAME)";
			};
			name = Release;
		};
/* End XCBuildConfiguration section */

/* Begin XCConfigurationList section */
		0C25E2301D88207A00089A40 /* Build configuration list for PBXNativeTarget "0202_CustomDrawing" */ = {
			isa = XCConfigurationList;
			buildConfigurations = (
				0C25E22E1D88207A00089A40 /* Debug */,
				0C25E22F1D88207A00089A40 /* Release */,
			);
			defaultConfigurationIsVisible = 0;
			defaultConfigurationName = Release;
		};
		0C5514181CDB9E2400270909 /* Build configuration list for PBXNativeTarget "02_寄宿图" */ = {
			isa = XCConfigurationList;
			buildConfigurations = (
				0C5514191CDB9E2400270909 /* Debug */,
				0C55141A1CDB9E2400270909 /* Release */,
			);
			defaultConfigurationIsVisible = 0;
			defaultConfigurationName = Release;
		};
		0C5907871D6696BB000B44ED /* Build configuration list for PBXNativeTarget "0302_时钟指针+AnchorPoint" */ = {
			isa = XCConfigurationList;
			buildConfigurations = (
				0C5907881D6696BB000B44ED /* Debug */,
				0C5907891D6696BB000B44ED /* Release */,
			);
			defaultConfigurationIsVisible = 0;
		};
		0CA4B3501CD846B800CAD3BF /* Build configuration list for PBXProject "Objective-C_iOSCoreAnimation" */ = {
			isa = XCConfigurationList;
			buildConfigurations = (
				0CA4B36A1CD846B800CAD3BF /* Debug */,
				0CA4B36B1CD846B800CAD3BF /* Release */,
			);
			defaultConfigurationIsVisible = 0;
			defaultConfigurationName = Release;
		};
		0CA4B36C1CD846B800CAD3BF /* Build configuration list for PBXNativeTarget "Objective-C_iOSCoreAnimation" */ = {
			isa = XCConfigurationList;
			buildConfigurations = (
				0CA4B36D1CD846B800CAD3BF /* Debug */,
				0CA4B36E1CD846B800CAD3BF /* Release */,
			);
			defaultConfigurationIsVisible = 0;
			defaultConfigurationName = Release;
		};
		0CA4B3871CD846B800CAD3BF /* Build configuration list for PBXNativeTarget "01_图层树" */ = {
			isa = XCConfigurationList;
			buildConfigurations = (
				0CA4B3881CD846B800CAD3BF /* Debug */,
				0CA4B3891CD846B800CAD3BF /* Release */,
			);
			defaultConfigurationIsVisible = 0;
			defaultConfigurationName = Release;
		};
		0CA8365B1D89836500FEA38C /* Build configuration list for PBXNativeTarget "0301_ClockFace" */ = {
			isa = XCConfigurationList;
			buildConfigurations = (
				0CA836591D89836500FEA38C /* Debug */,
				0CA8365A1D89836500FEA38C /* Release */,
			);
			defaultConfigurationIsVisible = 0;
			defaultConfigurationName = Release;
		};
/* End XCConfigurationList section */
	};
	rootObject = 0CA4B34D1CD846B800CAD3BF /* Project object */;
}
